github.com/andybalholm/brotli v1.0.5 h1:8uQ+ZIdWkm1sXvq9N6I5vqGR1nJqCFL4J4L7eQWS3Is=
github.com/andybalholm/brotli v1.0.5/go.mod h1:fO7iG3H7G2nSZ7m0zPUDn85XEX2GTukHGRSepvi9Eig=
github.com/cespare/xxhash/v2 v2.2.0 h1:DC2CZ1Ep5Y4k3ZQ0DArzeudViR1ew+ss48PgcqDDwMo=
github.com/cespare/xxhash/v2 v2.2.0/go.mod h1:VGX0DQ3Q6kWi7AoAeZDth3/j3BqPcfZznVFPFDEH4xs=
github.com/dgryski/go-rendezvous v0.0.0-20200823014737-9f7001d12a5f h1:lO4WD4F/rVNCu3HqELle0jiPLLBs70cWOduZpkS1E78=
github.com/dgryski/go-rendezvous v0.0.0-20200823014737-9f7001d12a5f/go.mod h1:kuuUnUKmLq2J1xSjPQe1hRkJlgdJjv执行jNj/BM3s5Y=
github.com/gofiber/fiber/v2 v2.52.0 h1:S+YjQ8WFG3FR2EH+c9a8dCLo2S4pG0NtZU5e8Cnw3S4=
github.com/gofiber/fiber/v2 v2.52.0/go.mod h1:KEOE+cXMhXG0zHc9d8+E38hoX+ZN7bhOtgeF2oT6jrQ=
github.com/golang-jwt/jwt/v5 v5.2.0 h1:d/ixhAtYTxPDvC1l4bIId+1C1MuQCl8KPWYrUjNPqQE=
github.com/golang-jwt/jwt/v5 v5.2.0/go.mod h1:pqrtLKWyn2G9r5yCHBPRsZ4Q0je8ls Hi5MP3ntj7uE=
github.com/google/uuid v1.6.0 h1:NIvaJDMOsjHA8n1jAh7ZbigCjCPslotY3LZQdzXNBbs=
github.com/google/uuid v1.6.0/go.mod h1:TIyPZe4MgqvfeYDBFedMoGGpEw/LqOeaOTw9V71XdQ=
github.com/klauspost/compress v1.17.0 h1:LR2KCMZLeLWLrCt/3y3K1fzQFX6yQk6IqIkMiUhxO0E=
github.com/klauspost/compress v1.17.0/go.mod h1:ntbaceVNTu7VoL4f8mEu2EzL+7vWh5X60J8NHEJmKyo=
github.com/lib/pq v1.10.9 h1:YXG7RB+JIjhP29X+OtkiDnLdW6qBBk0OOkA2Ot2Ij3s=
github.com/lib/pq v1.10.9/go.mod h1:AlVN5x4E4T544tWZEQ09L9PYE6uvUvdlPj6FSqnVYD8=
github.com/mattn/go-colorable v0.1.13 h1:fFA4WZxdEF4tXPZVKMLwD8eUnmG2W8O+5l9r4c9xLq0=
github.com/mattn/go-colorable v0.1.13/go.mod h1:7h9cy6grzYmC3URtd3SAB8aLRb4FP7EAVjTRq8jS3n8=
github.com/mattn/go-isatty v0.0.20 h1:xfD0i1ilIpsL+W1oOE5b+/8AHZAC7aIwgIfo9DNFmT4=
github.com/mattn/go-isatty v0.0.20/go.mod h1:Wa8n1sTRHBSHBY64S04ik0Pyqv3FhD2/BPLZGBjBMYg=
github.com/mattn/go-runewidth v0.0.15 h1:UNAjwbU9l54TA3KzvqLGxwWjHmMgBUVh9yHTPYQxO+s=
github.com/mattn/go-runewidth v0.0.15/go.mod h1:Jdepj2loyihRzMpdS35Xk/zdY8IAYHsh153qTcyn3fs=
github.com/redis/go-redis/v9 v9.4.0 h1:Yzoz33UZw9I/mFhx4MNrB6Fk+XHO1VuktdE3F/h2U7M=
github.com/redis/go-redis/v9 v9.4.0/go.mod h1:2d++6bCTX9L4buymlGVExPowZpVJ8C48hQkJTHzXg+E=
github.com/rivo/uniseg v0.2.0 h1:S1pD9weZBujFm2a11nYCrI+9xRSQ0nk4V9d9U3K9clg=
github.com/rivo/uniseg v0.2.0/go.mod h1:J6wj4VEh+S6ZtnVlnTBMWIodfgj8LQOynxNK+v6E8R8=
github.com/valyala/bytebufferpool v1.0.0 h1:GqA5TC/0021Y/b9FG4Oi9Mr3q7XYx6KllzawFIhcdPw=
github.com/valyala/bytebufferpool v1.0.0/go.mod h1:0bC3xWrMPqAK7+cyJ9EtD0V8Z1h6BYArN5nNF3C3K2U=
github.com/valyala/fasthttp v1.51.0 h1:8b30A5JlZ6C7AS81RsWjYMQmrZG6feChmgAolCl1x+c=
github.com/valyala/fasthttp v1.51.0/go.mod h1:oI2XroL+lI2vdJOeyB7W9vLRvLGRMMqjaKvZZ/9JBY=
github.com/valyala/tcplisten v1.0.0 h1:R+CPbj7RnsxL+2l2OV7y1UAYO4rW3U7F/WX1xEiPAA=
github.com/valyala/tcplisten v1.0.0/go.mod h1:T0xQ8SeCZG1ck7C2WUSjqwjmhvGr2fEMv+9Zc/B7NcI=
golang.org/x/crypto v0.18.0 h1:PGVYWQ61JIRzCcfNjqI8J0E35uFpH1Z0vFEaJCR1c2Y=
golang.org/x/crypto v0.18.0/go.mod h1:R0j02AL6hcrfO8YKBhVjLzmKbjE76SAB4GGq5Bhn6Gk=
golang.org/x/sys v0.16.0 h1:xWwLiN1E4W4L3chGqM6V3q4U4l1Z3L9S5L4R5h7Z2Z8=
golang.org/x/sys v0.16.0/go.mod h1:/VUhepiaJMQUp4+2zdpOdJGl5RVa8GgTRzL2dc+6QPOc=